
Microsoft Visual Studio Solution File, Format Version 12.00
# Visual Studio Version 17
VisualStudioVersion = 17.0.31903.59
MinimumVisualStudioVersion = 10.0.40219.1
Project("{FAE04EC0-301F-11D3-BF4B-00C04F79EFBC}") = "PokerHandEvaluator", "PokerHandEvaluator\PokerHandEvaluator.csproj", "{F9C5589A-E25E-4699-8B10-56A663A7217D}"
EndProject
Project("{FAE04EC0-301F-11D3-BF4B-00C04F79EFBC}") = "TestProject", "TestProject\TestProject.csproj", "{94D2B9D7-3BC2-4E3A-BACE-A3FB10A2E426}"
EndProject
Global
	GlobalSection(SolutionConfigurationPlatforms) = preSolution
		Debug|Any CPU = Debug|Any CPU
		Release|Any CPU = Release|Any CPU
	EndGlobalSection
	GlobalSection(ProjectConfigurationPlatforms) = postSolution
		{F9C5589A-E25E-4699-8B10-56A663A7217D}.Debug|Any CPU.ActiveCfg = Debug|Any CPU
		{F9C5589A-E25E-4699-8B10-56A663A7217D}.Debug|Any CPU.Build.0 = Debug|Any CPU
		{F9C5589A-E25E-4699-8B10-56A663A7217D}.Release|Any CPU.ActiveCfg = Release|Any CPU
		{F9C5589A-E25E-4699-8B10-56A663A7217D}.Release|Any CPU.Build.0 = Release|Any CPU
		{94D2B9D7-3BC2-4E3A-BACE-A3FB10A2E426}.Debug|Any CPU.ActiveCfg = Debug|Any CPU
		{94D2B9D7-3BC2-4E3A-BACE-A3FB10A2E426}.Debug|Any CPU.Build.0 = Debug|Any CPU
		{94D2B9D7-3BC2-4E3A-BACE-A3FB10A2E426}.Release|Any CPU.ActiveCfg = Release|Any CPU
		{94D2B9D7-3BC2-4E3A-BACE-A3FB10A2E426}.Release|Any CPU.Build.0 = Release|Any CPU
	EndGlobalSection
	GlobalSection(SolutionProperties) = preSolution
		HideSolutionNode = FALSE
	EndGlobalSection
	GlobalSection(ExtensibilityGlobals) = postSolution
		SolutionGuid = {B004E517-DC67-445A-B4B7-C42DF409FFFC}
	EndGlobalSection
EndGlobal
